
Microsoft Visual Studio Solution File, Format Version 12.00
# Visual Studio 14
VisualStudioVersion = 14.0.25420.1
MinimumVisualStudioVersion = 10.0.40219.1
Project("{2150E333-8FDC-42A3-9474-1A3956D46DE8}") = "src", "src", "{4A2396A7-5CE4-48DA-B5AB-5797E231764B}"
EndProject
Project("{2150E333-8FDC-42A3-9474-1A3956D46DE8}") = "Solution Items", "Solution Items", "{0FC27988-445E-42E5-B5AB-FC37ABDB95D0}"
	ProjectSection(SolutionItems) = preProject
		global.json = global.json
	EndProjectSection
EndProject
Project("{8BB2217D-0F2D-49D1-97BC-3654ED321F3B}") = "ViewComponentDemo", "src\ViewComponentDemo\ViewComponentDemo.xproj", "{1BE20C29-900F-487A-944C-3D3BF1FC6031}"
EndProject
Global
	GlobalSection(SolutionConfigurationPlatforms) = preSolution
		Debug|Any CPU = Debug|Any CPU
		Release|Any CPU = Release|Any CPU
	EndGlobalSection
	GlobalSection(ProjectConfigurationPlatforms) = postSolution
		{1BE20C29-900F-487A-944C-3D3BF1FC6031}.Debug|Any CPU.ActiveCfg = Debug|Any CPU
		{1BE20C29-900F-487A-944C-3D3BF1FC6031}.Debug|Any CPU.Build.0 = Debug|Any CPU
		{1BE20C29-900F-487A-944C-3D3BF1FC6031}.Release|Any CPU.ActiveCfg = Release|Any CPU
		{1BE20C29-900F-487A-944C-3D3BF1FC6031}.Release|Any CPU.Build.0 = Release|Any CPU
	EndGlobalSection
	GlobalSection(SolutionProperties) = preSolution
		HideSolutionNode = FALSE
	EndGlobalSection
	GlobalSection(NestedProjects) = preSolution
		{1BE20C29-900F-487A-944C-3D3BF1FC6031} = {4A2396A7-5CE4-48DA-B5AB-5797E231764B}
	EndGlobalSection
EndGlobal
