
Microsoft Visual Studio Solution File, Format Version 12.00
# Visual Studio 14
VisualStudioVersion = 14.0.25420.1
MinimumVisualStudioVersion = 10.0.40219.1
Project("{2150E333-8FDC-42A3-9474-1A3956D46DE8}") = "src", "src", "{7196481F-0607-4E58-A142-8457FB945B34}"
EndProject
Project("{2150E333-8FDC-42A3-9474-1A3956D46DE8}") = "Solution Items", "Solution Items", "{6341FD6D-3788-480B-B038-8476F2CF3ADE}"
	ProjectSection(SolutionItems) = preProject
		global.json = global.json
	EndProjectSection
EndProject
Project("{8BB2217D-0F2D-49D1-97BC-3654ED321F3B}") = "WebApplication89", "src\WebApplication89\WebApplication89.xproj", "{91841E39-64D0-4DF3-BEB4-CD3BCB3CA015}"
EndProject
Global
	GlobalSection(SolutionConfigurationPlatforms) = preSolution
		Debug|Any CPU = Debug|Any CPU
		Release|Any CPU = Release|Any CPU
	EndGlobalSection
	GlobalSection(ProjectConfigurationPlatforms) = postSolution
		{91841E39-64D0-4DF3-BEB4-CD3BCB3CA015}.Debug|Any CPU.ActiveCfg = Debug|Any CPU
		{91841E39-64D0-4DF3-BEB4-CD3BCB3CA015}.Debug|Any CPU.Build.0 = Debug|Any CPU
		{91841E39-64D0-4DF3-BEB4-CD3BCB3CA015}.Release|Any CPU.ActiveCfg = Release|Any CPU
		{91841E39-64D0-4DF3-BEB4-CD3BCB3CA015}.Release|Any CPU.Build.0 = Release|Any CPU
	EndGlobalSection
	GlobalSection(SolutionProperties) = preSolution
		HideSolutionNode = FALSE
	EndGlobalSection
	GlobalSection(NestedProjects) = preSolution
		{91841E39-64D0-4DF3-BEB4-CD3BCB3CA015} = {7196481F-0607-4E58-A142-8457FB945B34}
	EndGlobalSection
EndGlobal
